
Microsoft Visual Studio Solution File, Format Version 12.00
# Visual Studio Version 16
VisualStudioVersion = 16.0.30011.22
MinimumVisualStudioVersion = 10.0.40219.1
Project("{9A19103F-16F7-4668-BE54-9A1E7A4F7556}") = "FightCore.Bot", "FightCore.Bot\FightCore.Bot.csproj", "{CA06FEA7-49B2-48B7-BDC4-A1DA03F576C8}"
EndProject
Project("{2150E333-8FDC-42A3-9474-1A3956D46DE8}") = "External", "External", "{F14388E8-BBC6-47ED-8975-96B9C0BB878C}"
EndProject
Project("{9A19103F-16F7-4668-BE54-9A1E7A4F7556}") = "FightCore.MeleeFrameData", "FightCore.MeleeFrameData\FightCore.MeleeFrameData.csproj", "{F65ABC29-D6F3-4953-9ACC-50CEDF80DE0F}"
EndProject
Project("{9A19103F-16F7-4668-BE54-9A1E7A4F7556}") = "FightCore.Api", "FightCore.Api\FightCore.Api.csproj", "{0123A5E8-AB76-4981-BD30-5BB4D64BD43B}"
EndProject
Project("{FAE04EC0-301F-11D3-BF4B-00C04F79EFBC}") = "FightCore.SlippiStatsOnline", "FightCore.SlippiStatsOnline\FightCore.SlippiStatsOnline.csproj", "{784E7910-09BB-4A85-BF71-4F31E46C74AC}"
EndProject
Global
	GlobalSection(SolutionConfigurationPlatforms) = preSolution
		Debug|Any CPU = Debug|Any CPU
		Release|Any CPU = Release|Any CPU
	EndGlobalSection
	GlobalSection(ProjectConfigurationPlatforms) = postSolution
		{CA06FEA7-49B2-48B7-BDC4-A1DA03F576C8}.Debug|Any CPU.ActiveCfg = Debug|Any CPU
		{CA06FEA7-49B2-48B7-BDC4-A1DA03F576C8}.Debug|Any CPU.Build.0 = Debug|Any CPU
		{CA06FEA7-49B2-48B7-BDC4-A1DA03F576C8}.Release|Any CPU.ActiveCfg = Release|Any CPU
		{CA06FEA7-49B2-48B7-BDC4-A1DA03F576C8}.Release|Any CPU.Build.0 = Release|Any CPU
		{F65ABC29-D6F3-4953-9ACC-50CEDF80DE0F}.Debug|Any CPU.ActiveCfg = Debug|Any CPU
		{F65ABC29-D6F3-4953-9ACC-50CEDF80DE0F}.Debug|Any CPU.Build.0 = Debug|Any CPU
		{F65ABC29-D6F3-4953-9ACC-50CEDF80DE0F}.Release|Any CPU.ActiveCfg = Release|Any CPU
		{F65ABC29-D6F3-4953-9ACC-50CEDF80DE0F}.Release|Any CPU.Build.0 = Release|Any CPU
		{0123A5E8-AB76-4981-BD30-5BB4D64BD43B}.Debug|Any CPU.ActiveCfg = Debug|Any CPU
		{0123A5E8-AB76-4981-BD30-5BB4D64BD43B}.Debug|Any CPU.Build.0 = Debug|Any CPU
		{0123A5E8-AB76-4981-BD30-5BB4D64BD43B}.Release|Any CPU.ActiveCfg = Release|Any CPU
		{0123A5E8-AB76-4981-BD30-5BB4D64BD43B}.Release|Any CPU.Build.0 = Release|Any CPU
		{784E7910-09BB-4A85-BF71-4F31E46C74AC}.Debug|Any CPU.ActiveCfg = Debug|Any CPU
		{784E7910-09BB-4A85-BF71-4F31E46C74AC}.Debug|Any CPU.Build.0 = Debug|Any CPU
		{784E7910-09BB-4A85-BF71-4F31E46C74AC}.Release|Any CPU.ActiveCfg = Release|Any CPU
		{784E7910-09BB-4A85-BF71-4F31E46C74AC}.Release|Any CPU.Build.0 = Release|Any CPU
	EndGlobalSection
	GlobalSection(SolutionProperties) = preSolution
		HideSolutionNode = FALSE
	EndGlobalSection
	GlobalSection(NestedProjects) = preSolution
		{F65ABC29-D6F3-4953-9ACC-50CEDF80DE0F} = {F14388E8-BBC6-47ED-8975-96B9C0BB878C}
		{0123A5E8-AB76-4981-BD30-5BB4D64BD43B} = {F14388E8-BBC6-47ED-8975-96B9C0BB878C}
		{784E7910-09BB-4A85-BF71-4F31E46C74AC} = {F14388E8-BBC6-47ED-8975-96B9C0BB878C}
	EndGlobalSection
	GlobalSection(ExtensibilityGlobals) = postSolution
		SolutionGuid = {11E383BC-4281-41DA-9AD0-02CAE8D7C208}
	EndGlobalSection
EndGlobal
